
Microsoft Visual Studio Solution File, Format Version 12.00
# Visual Studio Version 17
VisualStudioVersion = 17.2.32630.192
MinimumVisualStudioVersion = 10.0.40219.1
Project("{9A19103F-16F7-4668-BE54-9A1E7A4F7556}") = "Flashlight", "Flashlight.csproj", "{945E5027-8B9F-4B86-95B9-44A099C377E3}"
EndProject
Global
	GlobalSection(SolutionConfigurationPlatforms) = preSolution
		Debug|Any CPU = Debug|Any CPU
		Release|Any CPU = Release|Any CPU
	EndGlobalSection
	GlobalSection(ProjectConfigurationPlatforms) = postSolution
		{945E5027-8B9F-4B86-95B9-44A099C377E3}.Debug|Any CPU.ActiveCfg = Debug|Any CPU
		{945E5027-8B9F-4B86-95B9-44A099C377E3}.Debug|Any CPU.Build.0 = Debug|Any CPU
		{945E5027-8B9F-4B86-95B9-44A099C377E3}.Release|Any CPU.ActiveCfg = Release|Any CPU
		{945E5027-8B9F-4B86-95B9-44A099C377E3}.Release|Any CPU.Build.0 = Release|Any CPU
	EndGlobalSection
	GlobalSection(SolutionProperties) = preSolution
		HideSolutionNode = FALSE
	EndGlobalSection
	GlobalSection(ExtensibilityGlobals) = postSolution
		SolutionGuid = {52E95ABD-4769-4A29-8D40-94096C82E9B7}
	EndGlobalSection
EndGlobal
